
Microsoft Visual Studio Solution File, Format Version 12.00
# Visual Studio Version 17
VisualStudioVersion = 17.3.32922.545
MinimumVisualStudioVersion = 10.0.40219.1
Project("{FAE04EC0-301F-11D3-BF4B-00C04F79EFBC}") = "BookStore", "BookStore.csproj", "{3BFF7AE5-4411-4D68-88A4-4D8653F237DC}"
EndProject
Project("{FAE04EC0-301F-11D3-BF4B-00C04F79EFBC}") = "BookStore.DL", "..\BookStore.DL\BookStore.DL.csproj", "{36BAB6B2-40AE-4005-B5A1-631AC160FD2D}"
EndProject
Project("{FAE04EC0-301F-11D3-BF4B-00C04F79EFBC}") = "BookStore.BL", "..\BookStore.BL\BookStore.BL.csproj", "{D6A3F9A5-C077-4E9A-834B-D3A502B50147}"
EndProject
Project("{FAE04EC0-301F-11D3-BF4B-00C04F79EFBC}") = "BookStore.Models", "..\BookStore.Models\BookStore.Models.csproj", "{E76B2255-9D16-48E2-BD0D-16948939F673}"
EndProject
Global
	GlobalSection(SolutionConfigurationPlatforms) = preSolution
		Debug|Any CPU = Debug|Any CPU
		Release|Any CPU = Release|Any CPU
	EndGlobalSection
	GlobalSection(ProjectConfigurationPlatforms) = postSolution
		{3BFF7AE5-4411-4D68-88A4-4D8653F237DC}.Debug|Any CPU.ActiveCfg = Debug|Any CPU
		{3BFF7AE5-4411-4D68-88A4-4D8653F237DC}.Debug|Any CPU.Build.0 = Debug|Any CPU
		{3BFF7AE5-4411-4D68-88A4-4D8653F237DC}.Release|Any CPU.ActiveCfg = Release|Any CPU
		{3BFF7AE5-4411-4D68-88A4-4D8653F237DC}.Release|Any CPU.Build.0 = Release|Any CPU
		{36BAB6B2-40AE-4005-B5A1-631AC160FD2D}.Debug|Any CPU.ActiveCfg = Debug|Any CPU
		{36BAB6B2-40AE-4005-B5A1-631AC160FD2D}.Debug|Any CPU.Build.0 = Debug|Any CPU
		{36BAB6B2-40AE-4005-B5A1-631AC160FD2D}.Release|Any CPU.ActiveCfg = Release|Any CPU
		{36BAB6B2-40AE-4005-B5A1-631AC160FD2D}.Release|Any CPU.Build.0 = Release|Any CPU
		{D6A3F9A5-C077-4E9A-834B-D3A502B50147}.Debug|Any CPU.ActiveCfg = Debug|Any CPU
		{D6A3F9A5-C077-4E9A-834B-D3A502B50147}.Debug|Any CPU.Build.0 = Debug|Any CPU
		{D6A3F9A5-C077-4E9A-834B-D3A502B50147}.Release|Any CPU.ActiveCfg = Release|Any CPU
		{D6A3F9A5-C077-4E9A-834B-D3A502B50147}.Release|Any CPU.Build.0 = Release|Any CPU
		{E76B2255-9D16-48E2-BD0D-16948939F673}.Debug|Any CPU.ActiveCfg = Debug|Any CPU
		{E76B2255-9D16-48E2-BD0D-16948939F673}.Debug|Any CPU.Build.0 = Debug|Any CPU
		{E76B2255-9D16-48E2-BD0D-16948939F673}.Release|Any CPU.ActiveCfg = Release|Any CPU
		{E76B2255-9D16-48E2-BD0D-16948939F673}.Release|Any CPU.Build.0 = Release|Any CPU
	EndGlobalSection
	GlobalSection(SolutionProperties) = preSolution
		HideSolutionNode = FALSE
	EndGlobalSection
	GlobalSection(ExtensibilityGlobals) = postSolution
		SolutionGuid = {16E31B7F-ACDA-4FE9-A020-C21EEDC3540B}
	EndGlobalSection
EndGlobal
